
Microsoft Visual Studio Solution File, Format Version 12.00
# Visual Studio Version 16
VisualStudioVersion = 16.0.29123.88
MinimumVisualStudioVersion = 10.0.40219.1
Project("{FAE04EC0-301F-11D3-BF4B-00C04F79EFBC}") = "GunaydinTransporting.web", "Gunaydin Transporting\GunaydinTransporting.web.csproj", "{E5C9366C-D93C-4D8E-86EE-5D2DC0900523}"
EndProject
Global
	GlobalSection(SolutionConfigurationPlatforms) = preSolution
		Debug|Any CPU = Debug|Any CPU
		Release|Any CPU = Release|Any CPU
	EndGlobalSection
	GlobalSection(ProjectConfigurationPlatforms) = postSolution
		{E5C9366C-D93C-4D8E-86EE-5D2DC0900523}.Debug|Any CPU.ActiveCfg = Debug|Any CPU
		{E5C9366C-D93C-4D8E-86EE-5D2DC0900523}.Debug|Any CPU.Build.0 = Debug|Any CPU
		{E5C9366C-D93C-4D8E-86EE-5D2DC0900523}.Release|Any CPU.ActiveCfg = Release|Any CPU
		{E5C9366C-D93C-4D8E-86EE-5D2DC0900523}.Release|Any CPU.Build.0 = Release|Any CPU
	EndGlobalSection
	GlobalSection(SolutionProperties) = preSolution
		HideSolutionNode = FALSE
	EndGlobalSection
	GlobalSection(ExtensibilityGlobals) = postSolution
		SolutionGuid = {670B0D61-C9C5-45B3-8357-F2B66173D670}
	EndGlobalSection
EndGlobal
